
Microsoft Visual Studio Solution File, Format Version 12.00
# Visual Studio Version 17
VisualStudioVersion = 17.14.36408.4 d17.14
MinimumVisualStudioVersion = 10.0.40219.1
Project("{FAE04EC0-301F-11D3-BF4B-00C04F79EFBC}") = "SuperChip", "SuperChip.csproj", "{4E132CC4-ED3E-45BD-93E7-5B823AA6EE92}"
EndProject
Project("{FAE04EC0-301F-11D3-BF4B-00C04F79EFBC}") = "DAL", "..\DAL\DAL.csproj", "{9C59F2ED-4470-435B-B361-AC45715DCEA1}"
EndProject
Project("{FAE04EC0-301F-11D3-BF4B-00C04F79EFBC}") = "BAL", "..\BAL\BAL.csproj", "{1CD161B7-BA63-4358-B023-137EF43C1616}"
EndProject
Global
	GlobalSection(SolutionConfigurationPlatforms) = preSolution
		Debug|Any CPU = Debug|Any CPU
		Release|Any CPU = Release|Any CPU
	EndGlobalSection
	GlobalSection(ProjectConfigurationPlatforms) = postSolution
		{4E132CC4-ED3E-45BD-93E7-5B823AA6EE92}.Debug|Any CPU.ActiveCfg = Debug|Any CPU
		{4E132CC4-ED3E-45BD-93E7-5B823AA6EE92}.Debug|Any CPU.Build.0 = Debug|Any CPU
		{4E132CC4-ED3E-45BD-93E7-5B823AA6EE92}.Release|Any CPU.ActiveCfg = Release|Any CPU
		{4E132CC4-ED3E-45BD-93E7-5B823AA6EE92}.Release|Any CPU.Build.0 = Release|Any CPU
		{9C59F2ED-4470-435B-B361-AC45715DCEA1}.Debug|Any CPU.ActiveCfg = Debug|Any CPU
		{9C59F2ED-4470-435B-B361-AC45715DCEA1}.Debug|Any CPU.Build.0 = Debug|Any CPU
		{9C59F2ED-4470-435B-B361-AC45715DCEA1}.Release|Any CPU.ActiveCfg = Release|Any CPU
		{9C59F2ED-4470-435B-B361-AC45715DCEA1}.Release|Any CPU.Build.0 = Release|Any CPU
		{1CD161B7-BA63-4358-B023-137EF43C1616}.Debug|Any CPU.ActiveCfg = Debug|Any CPU
		{1CD161B7-BA63-4358-B023-137EF43C1616}.Debug|Any CPU.Build.0 = Debug|Any CPU
		{1CD161B7-BA63-4358-B023-137EF43C1616}.Release|Any CPU.ActiveCfg = Release|Any CPU
		{1CD161B7-BA63-4358-B023-137EF43C1616}.Release|Any CPU.Build.0 = Release|Any CPU
	EndGlobalSection
	GlobalSection(SolutionProperties) = preSolution
		HideSolutionNode = FALSE
	EndGlobalSection
	GlobalSection(ExtensibilityGlobals) = postSolution
		SolutionGuid = {133BFC3C-EAC0-4157-8EEC-A369A879C6E9}
	EndGlobalSection
EndGlobal
